
Microsoft Visual Studio Solution File, Format Version 12.00
# Visual Studio Version 16
VisualStudioVersion = 16.0.31729.503
MinimumVisualStudioVersion = 10.0.40219.1
Project("{9A19103F-16F7-4668-BE54-9A1E7A4F7556}") = "PGPEncryptConsoleApp", "PGPEncryptConsoleApp\PGPEncryptConsoleApp.csproj", "{FB401D65-F0B6-4DB1-8EA4-C936F88F80B6}"
EndProject
Project("{FAE04EC0-301F-11D3-BF4B-00C04F79EFBC}") = "PGPEncrypt", "FunctionApp1\PGPEncrypt.csproj", "{516CD36B-9570-41F7-A929-7D55635FBE33}"
EndProject
Project("{FAE04EC0-301F-11D3-BF4B-00C04F79EFBC}") = "FunctionApp2", "FunctionApp2\FunctionApp2.csproj", "{AA195144-FD56-468F-B71E-73A8374BE031}"
EndProject
Global
	GlobalSection(SolutionConfigurationPlatforms) = preSolution
		Debug|Any CPU = Debug|Any CPU
		Release|Any CPU = Release|Any CPU
	EndGlobalSection
	GlobalSection(ProjectConfigurationPlatforms) = postSolution
		{FB401D65-F0B6-4DB1-8EA4-C936F88F80B6}.Debug|Any CPU.ActiveCfg = Debug|Any CPU
		{FB401D65-F0B6-4DB1-8EA4-C936F88F80B6}.Debug|Any CPU.Build.0 = Debug|Any CPU
		{FB401D65-F0B6-4DB1-8EA4-C936F88F80B6}.Release|Any CPU.ActiveCfg = Release|Any CPU
		{FB401D65-F0B6-4DB1-8EA4-C936F88F80B6}.Release|Any CPU.Build.0 = Release|Any CPU
		{516CD36B-9570-41F7-A929-7D55635FBE33}.Debug|Any CPU.ActiveCfg = Debug|Any CPU
		{516CD36B-9570-41F7-A929-7D55635FBE33}.Debug|Any CPU.Build.0 = Debug|Any CPU
		{516CD36B-9570-41F7-A929-7D55635FBE33}.Release|Any CPU.ActiveCfg = Release|Any CPU
		{516CD36B-9570-41F7-A929-7D55635FBE33}.Release|Any CPU.Build.0 = Release|Any CPU
		{AA195144-FD56-468F-B71E-73A8374BE031}.Debug|Any CPU.ActiveCfg = Debug|Any CPU
		{AA195144-FD56-468F-B71E-73A8374BE031}.Debug|Any CPU.Build.0 = Debug|Any CPU
		{AA195144-FD56-468F-B71E-73A8374BE031}.Release|Any CPU.ActiveCfg = Release|Any CPU
		{AA195144-FD56-468F-B71E-73A8374BE031}.Release|Any CPU.Build.0 = Release|Any CPU
	EndGlobalSection
	GlobalSection(SolutionProperties) = preSolution
		HideSolutionNode = FALSE
	EndGlobalSection
	GlobalSection(ExtensibilityGlobals) = postSolution
		SolutionGuid = {482AE9A6-B505-4B2C-97CD-D2AFE544E7E8}
	EndGlobalSection
EndGlobal
